
Microsoft Visual Studio Solution File, Format Version 12.00
# Visual Studio 14
VisualStudioVersion = 14.0.25420.1
MinimumVisualStudioVersion = 10.0.40219.1
Project("{FAE04EC0-301F-11D3-BF4B-00C04F79EFBC}") = "CarParking", "CarParking\CarParking.csproj", "{A2332C23-3E97-4427-A0EB-3DC40989A376}"
EndProject
Project("{FAE04EC0-301F-11D3-BF4B-00C04F79EFBC}") = "CarParkingData", "CarParkingData\CarParkingData.csproj", "{201E8D68-BE66-400E-8F9D-D0A2E05A42AA}"
EndProject
Project("{FAE04EC0-301F-11D3-BF4B-00C04F79EFBC}") = "CarParkingDal", "CarParkingDal\CarParkingDal.csproj", "{AF4C82BC-0C0C-4DBF-A9AB-779DD5FEF69B}"
EndProject
Project("{FAE04EC0-301F-11D3-BF4B-00C04F79EFBC}") = "CarParkingBil", "CarParkingBil\CarParkingBil.csproj", "{98BE46BC-28F8-4D74-A8E1-BF6DC4A1011A}"
EndProject
Global
	GlobalSection(SolutionConfigurationPlatforms) = preSolution
		Debug|Any CPU = Debug|Any CPU
		Release|Any CPU = Release|Any CPU
	EndGlobalSection
	GlobalSection(ProjectConfigurationPlatforms) = postSolution
		{A2332C23-3E97-4427-A0EB-3DC40989A376}.Debug|Any CPU.ActiveCfg = Debug|Any CPU
		{A2332C23-3E97-4427-A0EB-3DC40989A376}.Debug|Any CPU.Build.0 = Debug|Any CPU
		{A2332C23-3E97-4427-A0EB-3DC40989A376}.Release|Any CPU.ActiveCfg = Release|Any CPU
		{A2332C23-3E97-4427-A0EB-3DC40989A376}.Release|Any CPU.Build.0 = Release|Any CPU
		{201E8D68-BE66-400E-8F9D-D0A2E05A42AA}.Debug|Any CPU.ActiveCfg = Debug|Any CPU
		{201E8D68-BE66-400E-8F9D-D0A2E05A42AA}.Debug|Any CPU.Build.0 = Debug|Any CPU
		{201E8D68-BE66-400E-8F9D-D0A2E05A42AA}.Release|Any CPU.ActiveCfg = Release|Any CPU
		{201E8D68-BE66-400E-8F9D-D0A2E05A42AA}.Release|Any CPU.Build.0 = Release|Any CPU
		{AF4C82BC-0C0C-4DBF-A9AB-779DD5FEF69B}.Debug|Any CPU.ActiveCfg = Debug|Any CPU
		{AF4C82BC-0C0C-4DBF-A9AB-779DD5FEF69B}.Debug|Any CPU.Build.0 = Debug|Any CPU
		{AF4C82BC-0C0C-4DBF-A9AB-779DD5FEF69B}.Release|Any CPU.ActiveCfg = Release|Any CPU
		{AF4C82BC-0C0C-4DBF-A9AB-779DD5FEF69B}.Release|Any CPU.Build.0 = Release|Any CPU
		{98BE46BC-28F8-4D74-A8E1-BF6DC4A1011A}.Debug|Any CPU.ActiveCfg = Debug|Any CPU
		{98BE46BC-28F8-4D74-A8E1-BF6DC4A1011A}.Debug|Any CPU.Build.0 = Debug|Any CPU
		{98BE46BC-28F8-4D74-A8E1-BF6DC4A1011A}.Release|Any CPU.ActiveCfg = Release|Any CPU
		{98BE46BC-28F8-4D74-A8E1-BF6DC4A1011A}.Release|Any CPU.Build.0 = Release|Any CPU
	EndGlobalSection
	GlobalSection(SolutionProperties) = preSolution
		HideSolutionNode = FALSE
	EndGlobalSection
EndGlobal
